
Microsoft Visual Studio Solution File, Format Version 12.00
# Visual Studio Version 17
VisualStudioVersion = 17.7.34221.43
MinimumVisualStudioVersion = 10.0.40219.1
Project("{9A19103F-16F7-4668-BE54-9A1E7A4F7556}") = "UserManager.Api", "UserManager.Api\UserManager.Api.csproj", "{ECAE6550-7A60-4BD6-B9B3-0DF1F907BEE8}"
EndProject
Project("{FAE04EC0-301F-11D3-BF4B-00C04F79EFBC}") = "UserManager.Api.UnitTest", "UserManager.Api.UnitTest\UserManager.Api.UnitTest.csproj", "{9287A830-8DC3-4FC8-902F-1B5D52C28295}"
EndProject
Project("{FAE04EC0-301F-11D3-BF4B-00C04F79EFBC}") = "UserManager.Api.IntegrationTest", "UserManager.Api.IntegrationTest\UserManager.Api.IntegrationTest.csproj", "{1B38F4A9-6734-47EF-87D4-3CFAFAB36AA5}"
EndProject
Global
	GlobalSection(SolutionConfigurationPlatforms) = preSolution
		Debug|Any CPU = Debug|Any CPU
		Release|Any CPU = Release|Any CPU
	EndGlobalSection
	GlobalSection(ProjectConfigurationPlatforms) = postSolution
		{ECAE6550-7A60-4BD6-B9B3-0DF1F907BEE8}.Debug|Any CPU.ActiveCfg = Debug|Any CPU
		{ECAE6550-7A60-4BD6-B9B3-0DF1F907BEE8}.Debug|Any CPU.Build.0 = Debug|Any CPU
		{ECAE6550-7A60-4BD6-B9B3-0DF1F907BEE8}.Release|Any CPU.ActiveCfg = Release|Any CPU
		{ECAE6550-7A60-4BD6-B9B3-0DF1F907BEE8}.Release|Any CPU.Build.0 = Release|Any CPU
		{9287A830-8DC3-4FC8-902F-1B5D52C28295}.Debug|Any CPU.ActiveCfg = Debug|Any CPU
		{9287A830-8DC3-4FC8-902F-1B5D52C28295}.Debug|Any CPU.Build.0 = Debug|Any CPU
		{9287A830-8DC3-4FC8-902F-1B5D52C28295}.Release|Any CPU.ActiveCfg = Release|Any CPU
		{9287A830-8DC3-4FC8-902F-1B5D52C28295}.Release|Any CPU.Build.0 = Release|Any CPU
		{1B38F4A9-6734-47EF-87D4-3CFAFAB36AA5}.Debug|Any CPU.ActiveCfg = Debug|Any CPU
		{1B38F4A9-6734-47EF-87D4-3CFAFAB36AA5}.Debug|Any CPU.Build.0 = Debug|Any CPU
		{1B38F4A9-6734-47EF-87D4-3CFAFAB36AA5}.Release|Any CPU.ActiveCfg = Release|Any CPU
		{1B38F4A9-6734-47EF-87D4-3CFAFAB36AA5}.Release|Any CPU.Build.0 = Release|Any CPU
	EndGlobalSection
	GlobalSection(SolutionProperties) = preSolution
		HideSolutionNode = FALSE
	EndGlobalSection
	GlobalSection(ExtensibilityGlobals) = postSolution
		SolutionGuid = {6BBFCC86-A408-439B-9B09-7918CF5FADFE}
	EndGlobalSection
EndGlobal
